{"1.1.0",
[{<<"bbmustache">>,{pkg,<<"bbmustache">>,<<"1.5.0">>},0},
 {<<"cf">>,{pkg,<<"cf">>,<<"0.3.1">>},0},
 {<<"erlware_commons">>,{pkg,<<"erlware_commons">>,<<"1.2.0">>},0},
 {<<"getopt">>,{pkg,<<"getopt">>,<<"1.0.1">>},0},
 {<<"providers">>,{pkg,<<"providers">>,<<"1.8.0">>},0}]}.
[
{pkg_hash,[
 {<<"bbmustache">>, <<"8CFDE0602E90A4057E161BF5288ADE854B4E511E2E8924966A8438730E958381">>},
 {<<"cf">>, <<"5CB902239476E141EA70A740340233782D363A31EEA8AD37049561542E6CD641">>},
 {<<"erlware_commons">>, <<"2BAB99CF88941145767A502F1209886F1F0D31695EEF21978A30F15E645721E0">>},
 {<<"getopt">>, <<"C73A9FA687B217F2FF79F68A3B637711BB1936E712B521D8CE466B29CBF7808A">>},
 {<<"providers">>, <<"923809524B2C156AA3994BC43588BA0E4ED8AD97D7D2A09DEE6B519F5E80A73B">>}]}
].
